// !$*UTF8*$!
{
	archiveVersion = 1;
	classes = {
	};
	objectVersion = 46;
	objects = {

/* Begin PBXFileReference section */
		279A48D438C7058F3D04C50C /* Info.plist */ = {isa = PBXFileReference; fileEncoding = 4; lastKnownFileType = text.plist.info; name = Info.plist; path = src/Info.plist; sourceTree = "<group>"; };
		279A4E4B21B0E55FFAD967CA /* ios-app.app */ = {isa = PBXFileReference; explicitFileType = wrapper.application; includeInIndex = 0; path = "ios-app.app"; sourceTree = BUILT_PRODUCTS_DIR; };
/* End PBXFileReference section */

/* Begin PBXFileSystemSynchronizedBuildFileExceptionSet section */
		279A47B008F3BE03254DB17B /* PBXFileSystemSynchronizedBuildFileExceptionSet */ = {
			isa = PBXFileSystemSynchronizedBuildFileExceptionSet;
			membershipExceptions = (
				Info.plist,
			);
			target = 279A4EBFBBE620E1DD374910 /* app */;
		};
/* End PBXFileSystemSynchronizedBuildFileExceptionSet section */

/* Begin PBXFileSystemSynchronizedRootGroup section */
		279A4173E53941889080E058 /* src */ = {
			isa = PBXFileSystemSynchronizedRootGroup;
			exceptions = (
				279A47B008F3BE03254DB17B /* PBXFileSystemSynchronizedBuildFileExceptionSet */,
			);
			path = src;
			sourceTree = SOURCE_ROOT;
		};
/* End PBXFileSystemSynchronizedRootGroup section */

/* Begin PBXFrameworksBuildPhase section */
		279A4654FFF9A512EBE4ED79 /* Frameworks */ = {
			isa = PBXFrameworksBuildPhase;
			runOnlyForDeploymentPostprocessing = 0;
		};
/* End PBXFrameworksBuildPhase section */

/* Begin PBXGroup section */
		279A476559D7F8A9A59270EB /* Products */ = {
			isa = PBXGroup;
			children = (
				279A4E4B21B0E55FFAD967CA /* ios-app.app */,
			);
			name = Products;
			sourceTree = "<group>";
		};
		279A4C149BE22C4B16DC69BE = {
			isa = PBXGroup;
			children = (
				279A476559D7F8A9A59270EB /* Products */,
				279A48D438C7058F3D04C50C /* Info.plist */,
				279A4173E53941889080E058 /* src */,
			);
			sourceTree = "<group>";
		};
/* End PBXGroup section */

/* Begin PBXNativeTarget section */
		279A4EBFBBE620E1DD374910 /* app */ = {
			isa = PBXNativeTarget;
			buildConfigurationList = 279A47406B83584AB5793740 /* Build configuration list for PBXNativeTarget "app" */;
			buildPhases = (
				279A400EF61F75F4FE949FD5 /* Build Kotlin with Amper */,
				279A43B18AA0A099487C206B /* Sources */,
				279A4654FFF9A512EBE4ED79 /* Frameworks */,
				279A4C70E55B02F4D1E9206D /* Resources */,
			);
			buildRules = (
			);
			dependencies = (
			);
			fileSystemSynchronizedGroups = (
				279A4173E53941889080E058 /* src */,
			);
			name = app;
			productName = app;
			productReference = 279A4E4B21B0E55FFAD967CA /* ios-app.app */;
			productType = "com.apple.product-type.application";
		};
/* End PBXNativeTarget section */

/* Begin PBXProject section */
		279A4D3C956DE91CE7B94022 /* Project object */ = {
			isa = PBXProject;
			buildConfigurationList = 279A410007A90CD9C2786A5E /* Build configuration list for PBXProject "module" */;
			compatibilityVersion = "Xcode 3.2";
			developmentRegion = English;
			hasScannedForEncodings = 0;
			knownRegions = (
				en,
			);
			mainGroup = 279A4C149BE22C4B16DC69BE;
			productRefGroup = 279A476559D7F8A9A59270EB /* Products */;
			projectDirPath = "";
			projectRoot = "";
			targets = (
				279A4EBFBBE620E1DD374910 /* app */,
			);
		};
/* End PBXProject section */

/* Begin PBXResourcesBuildPhase section */
		279A4C70E55B02F4D1E9206D /* Resources */ = {
			isa = PBXResourcesBuildPhase;
			runOnlyForDeploymentPostprocessing = 0;
		};
/* End PBXResourcesBuildPhase section */

/* Begin PBXShellScriptBuildPhase section */
		279A400EF61F75F4FE949FD5 /* Build Kotlin with Amper */ = {
			isa = PBXShellScriptBuildPhase;
			alwaysOutOfDate = 1;
			inputPaths = (
			);
			name = "Build Kotlin with Amper";
			outputPaths = (
			);
			runOnlyForDeploymentPostprocessing = 0;
			shellPath = /bin/sh;
			shellScript = "# !AMPER KMP INTEGRATION STEP!\n# This script is managed by Amper, do not edit manually!\n\"${AMPER_WRAPPER_PATH}\" tool xcode-integration\n";
		};
/* End PBXShellScriptBuildPhase section */

/* Begin PBXSourcesBuildPhase section */
		279A43B18AA0A099487C206B /* Sources */ = {
			isa = PBXSourcesBuildPhase;
			runOnlyForDeploymentPostprocessing = 0;
		};
/* End PBXSourcesBuildPhase section */

/* Begin XCBuildConfiguration section */
		279A404797B8695B3B2EA96E /* Debug */ = {
			isa = XCBuildConfiguration;
			buildSettings = {
				ALWAYS_SEARCH_USER_PATHS = NO;
				AMPER_WRAPPER_PATH = "../amper";
				ASSETCATALOG_COMPILER_APPICON_NAME = AppIcon;
				CLANG_ENABLE_MODULES = YES;
				CLANG_ENABLE_OBJC_ARC = YES;
				ENABLE_TESTABILITY = YES;
				ENABLE_USER_SCRIPT_SANDBOXING = NO;
				FRAMEWORK_SEARCH_PATHS = "$(inherited) $(TARGET_BUILD_DIR)/AmperFrameworks";
				GCC_OPTIMIZATION_LEVEL = 0;
				INFOPLIST_FILE = src/Info.plist;
				LD_RUNPATH_SEARCH_PATHS = "$(inherited) @executable_path/Frameworks @loader_path/Frameworks";
				ONLY_ACTIVE_ARCH = YES;
				PRODUCT_BUNDLE_IDENTIFIER = "ios-app";
				PRODUCT_MODULE_NAME = app;
				PRODUCT_NAME = "ios-app";
				SDKROOT = iphoneos;
				SWIFT_OPTIMIZATION_LEVEL = "-Onone";
				SWIFT_VERSION = 5.0;
				TARGETED_DEVICE_FAMILY = (
					1,
					2,
				);
			};
			name = Debug;
		};
		279A422A6669A40E0CFC0393 /* Debug */ = {
			isa = XCBuildConfiguration;
			buildSettings = {
			};
			name = Debug;
		};
		279A441841C071427DED8B47 /* Release */ = {
			isa = XCBuildConfiguration;
			buildSettings = {
			};
			name = Release;
		};
		279A46EE8014C2FB56B849CB /* Release */ = {
			isa = XCBuildConfiguration;
			buildSettings = {
				ALWAYS_SEARCH_USER_PATHS = NO;
				AMPER_WRAPPER_PATH = "../amper";
				ASSETCATALOG_COMPILER_APPICON_NAME = AppIcon;
				CLANG_ENABLE_MODULES = YES;
				CLANG_ENABLE_OBJC_ARC = YES;
				ENABLE_USER_SCRIPT_SANDBOXING = NO;
				FRAMEWORK_SEARCH_PATHS = "$(inherited) $(TARGET_BUILD_DIR)/AmperFrameworks";
				INFOPLIST_FILE = src/Info.plist;
				LD_RUNPATH_SEARCH_PATHS = "$(inherited) @executable_path/Frameworks @loader_path/Frameworks";
				PRODUCT_BUNDLE_IDENTIFIER = "ios-app";
				PRODUCT_MODULE_NAME = app;
				PRODUCT_NAME = "ios-app";
				SDKROOT = iphoneos;
				SWIFT_VERSION = 5.0;
				TARGETED_DEVICE_FAMILY = (
					1,
					2,
				);
			};
			name = Release;
		};
/* End XCBuildConfiguration section */

/* Begin XCConfigurationList section */
		279A410007A90CD9C2786A5E /* Build configuration list for PBXProject "module" */ = {
			isa = XCConfigurationList;
			buildConfigurations = (
				279A422A6669A40E0CFC0393 /* Debug */,
				279A441841C071427DED8B47 /* Release */,
			);
			defaultConfigurationIsVisible = 0;
			defaultConfigurationName = Release;
		};
		279A47406B83584AB5793740 /* Build configuration list for PBXNativeTarget "app" */ = {
			isa = XCConfigurationList;
			buildConfigurations = (
				279A404797B8695B3B2EA96E /* Debug */,
				279A46EE8014C2FB56B849CB /* Release */,
			);
			defaultConfigurationIsVisible = 0;
		};
/* End XCConfigurationList section */
	};
	rootObject = 279A4D3C956DE91CE7B94022 /* Project object */;
}
