// !$*UTF8*$!
{
	archiveVersion = 1;
	classes = {
	};
	objectVersion = 46;
	objects = {

/* Begin PBXFileReference section */
		279A4234FA26468581B8906B /* compose-ios.app */ = {isa = PBXFileReference; explicitFileType = wrapper.application; includeInIndex = 0; path = "compose-ios.app"; sourceTree = BUILT_PRODUCTS_DIR; };
		279A4D229BA7E08AD89DAB3D /* Info.plist */ = {isa = PBXFileReference; fileEncoding = 4; lastKnownFileType = text.plist.info; name = Info.plist; path = src/Info.plist; sourceTree = "<group>"; };
/* End PBXFileReference section */

/* Begin PBXFileSystemSynchronizedBuildFileExceptionSet section */
		279A434A707DF05A240776C4 /* PBXFileSystemSynchronizedBuildFileExceptionSet */ = {
			isa = PBXFileSystemSynchronizedBuildFileExceptionSet;
			membershipExceptions = (
				Info.plist,
			);
			target = 279A49A3C7002C7DB93D8010 /* app */;
		};
/* End PBXFileSystemSynchronizedBuildFileExceptionSet section */

/* Begin PBXFileSystemSynchronizedRootGroup section */
		279A4AC74ED4BADB77A168C5 /* src */ = {
			isa = PBXFileSystemSynchronizedRootGroup;
			exceptions = (
				279A434A707DF05A240776C4 /* PBXFileSystemSynchronizedBuildFileExceptionSet */,
			);
			path = src;
			sourceTree = SOURCE_ROOT;
		};
/* End PBXFileSystemSynchronizedRootGroup section */

/* Begin PBXFrameworksBuildPhase section */
		279A41E55137F5D186E326DF /* Frameworks */ = {
			isa = PBXFrameworksBuildPhase;
			runOnlyForDeploymentPostprocessing = 0;
		};
/* End PBXFrameworksBuildPhase section */

/* Begin PBXGroup section */
		279A496A2B5E3A482E425B0F = {
			isa = PBXGroup;
			children = (
				279A4987C5AD6CB1A3A91020 /* Products */,
				279A4D229BA7E08AD89DAB3D /* Info.plist */,
				279A4AC74ED4BADB77A168C5 /* src */,
			);
			sourceTree = "<group>";
		};
		279A4987C5AD6CB1A3A91020 /* Products */ = {
			isa = PBXGroup;
			children = (
				279A4234FA26468581B8906B /* compose-ios.app */,
			);
			name = Products;
			sourceTree = "<group>";
		};
/* End PBXGroup section */

/* Begin PBXNativeTarget section */
		279A49A3C7002C7DB93D8010 /* app */ = {
			isa = PBXNativeTarget;
			buildConfigurationList = 279A40115DBE5C4262772F94 /* Build configuration list for PBXNativeTarget "app" */;
			buildPhases = (
				279A46900B52DDFBEADF58DA /* Build Kotlin with Amper */,
				279A49FC56CEF358411AE1A9 /* Sources */,
				279A41E55137F5D186E326DF /* Frameworks */,
				279A46B159DA24E25EE1BC30 /* Resources */,
			);
			buildRules = (
			);
			dependencies = (
			);
			fileSystemSynchronizedGroups = (
				279A4AC74ED4BADB77A168C5 /* src */,
			);
			name = app;
			productName = app;
			productReference = 279A4234FA26468581B8906B /* compose-ios.app */;
			productType = "com.apple.product-type.application";
		};
/* End PBXNativeTarget section */

/* Begin PBXProject section */
		279A465BA0A66BCA07B9FD9F /* Project object */ = {
			isa = PBXProject;
			buildConfigurationList = 279A45A05CA97587A90B6988 /* Build configuration list for PBXProject "module" */;
			compatibilityVersion = "Xcode 3.2";
			developmentRegion = English;
			hasScannedForEncodings = 0;
			knownRegions = (
				en,
			);
			mainGroup = 279A496A2B5E3A482E425B0F;
			productRefGroup = 279A4987C5AD6CB1A3A91020 /* Products */;
			projectDirPath = "";
			projectRoot = "";
			targets = (
				279A49A3C7002C7DB93D8010 /* app */,
			);
		};
/* End PBXProject section */

/* Begin PBXResourcesBuildPhase section */
		279A46B159DA24E25EE1BC30 /* Resources */ = {
			isa = PBXResourcesBuildPhase;
			runOnlyForDeploymentPostprocessing = 0;
		};
/* End PBXResourcesBuildPhase section */

/* Begin PBXShellScriptBuildPhase section */
		279A46900B52DDFBEADF58DA /* Build Kotlin with Amper */ = {
			isa = PBXShellScriptBuildPhase;
			alwaysOutOfDate = 1;
			inputPaths = (
			);
			name = "Build Kotlin with Amper";
			outputPaths = (
			);
			runOnlyForDeploymentPostprocessing = 0;
			shellPath = /bin/sh;
			shellScript = "# !AMPER KMP INTEGRATION STEP!\n# This script is managed by Amper, do not edit manually!\n\"${AMPER_WRAPPER_PATH}\" tool xcode-integration\n";
		};
/* End PBXShellScriptBuildPhase section */

/* Begin PBXSourcesBuildPhase section */
		279A49FC56CEF358411AE1A9 /* Sources */ = {
			isa = PBXSourcesBuildPhase;
			runOnlyForDeploymentPostprocessing = 0;
		};
/* End PBXSourcesBuildPhase section */

/* Begin XCBuildConfiguration section */
		279A43700AC64947FB651096 /* Debug */ = {
			isa = XCBuildConfiguration;
			buildSettings = {
				ALWAYS_SEARCH_USER_PATHS = NO;
				AMPER_WRAPPER_PATH = "./amper";
				ASSETCATALOG_COMPILER_APPICON_NAME = AppIcon;
				CLANG_ENABLE_MODULES = YES;
				CLANG_ENABLE_OBJC_ARC = YES;
				ENABLE_TESTABILITY = YES;
				ENABLE_USER_SCRIPT_SANDBOXING = NO;
				FRAMEWORK_SEARCH_PATHS = "$(inherited) $(TARGET_BUILD_DIR)/$(FRAMEWORKS_FOLDER_PATH)";
				GCC_OPTIMIZATION_LEVEL = 0;
				INFOPLIST_FILE = src/Info.plist;
				LD_RUNPATH_SEARCH_PATHS = "$(inherited) @executable_path/Frameworks @loader_path/Frameworks";
				ONLY_ACTIVE_ARCH = YES;
				PRODUCT_BUNDLE_IDENTIFIER = "compose-ios";
				PRODUCT_MODULE_NAME = app;
				PRODUCT_NAME = "compose-ios";
				SDKROOT = iphoneos;
				SWIFT_OPTIMIZATION_LEVEL = "-Onone";
				SWIFT_VERSION = 5.0;
				TARGETED_DEVICE_FAMILY = (
					1,
					2,
				);
			};
			name = Debug;
		};
		279A464FDB55D202E81B5AA7 /* Debug */ = {
			isa = XCBuildConfiguration;
			buildSettings = {
			};
			name = Debug;
		};
		279A484A59A1436FB45BC6E4 /* Release */ = {
			isa = XCBuildConfiguration;
			buildSettings = {
				ALWAYS_SEARCH_USER_PATHS = NO;
				AMPER_WRAPPER_PATH = "./amper";
				ASSETCATALOG_COMPILER_APPICON_NAME = AppIcon;
				CLANG_ENABLE_MODULES = YES;
				CLANG_ENABLE_OBJC_ARC = YES;
				ENABLE_USER_SCRIPT_SANDBOXING = NO;
				FRAMEWORK_SEARCH_PATHS = "$(inherited) $(TARGET_BUILD_DIR)/$(FRAMEWORKS_FOLDER_PATH)";
				INFOPLIST_FILE = src/Info.plist;
				LD_RUNPATH_SEARCH_PATHS = "$(inherited) @executable_path/Frameworks @loader_path/Frameworks";
				PRODUCT_BUNDLE_IDENTIFIER = "compose-ios";
				PRODUCT_MODULE_NAME = app;
				PRODUCT_NAME = "compose-ios";
				SDKROOT = iphoneos;
				SWIFT_VERSION = 5.0;
				TARGETED_DEVICE_FAMILY = (
					1,
					2,
				);
			};
			name = Release;
		};
		279A4B995E0DCE1AEC2D222A /* Release */ = {
			isa = XCBuildConfiguration;
			buildSettings = {
			};
			name = Release;
		};
/* End XCBuildConfiguration section */

/* Begin XCConfigurationList section */
		279A40115DBE5C4262772F94 /* Build configuration list for PBXNativeTarget "app" */ = {
			isa = XCConfigurationList;
			buildConfigurations = (
				279A43700AC64947FB651096 /* Debug */,
				279A484A59A1436FB45BC6E4 /* Release */,
			);
			defaultConfigurationIsVisible = 0;
		};
		279A45A05CA97587A90B6988 /* Build configuration list for PBXProject "module" */ = {
			isa = XCConfigurationList;
			buildConfigurations = (
				279A464FDB55D202E81B5AA7 /* Debug */,
				279A4B995E0DCE1AEC2D222A /* Release */,
			);
			defaultConfigurationIsVisible = 0;
			defaultConfigurationName = Release;
		};
/* End XCConfigurationList section */
	};
	rootObject = 279A465BA0A66BCA07B9FD9F /* Project object */;
}
